
Microsoft Visual Studio Solution File, Format Version 12.00
# Visual Studio Version 16
VisualStudioVersion = 16.0.28803.156
MinimumVisualStudioVersion = 10.0.40219.1
Project("{FAE04EC0-301F-11D3-BF4B-00C04F79EFBC}") = "HelloXamarin.Android", "HelloXamarin\HelloXamarin.Android\HelloXamarin.Android.csproj", "{8708737D-02EB-4C34-B987-571C8DF1098A}"
EndProject
Project("{FAE04EC0-301F-11D3-BF4B-00C04F79EFBC}") = "HelloXamarin.iOS", "HelloXamarin\HelloXamarin.iOS\HelloXamarin.iOS.csproj", "{50CAB753-3CB4-417D-8079-FC771D2AFF18}"
EndProject
Project("{FAE04EC0-301F-11D3-BF4B-00C04F79EFBC}") = "HelloXamarin", "HelloXamarin\HelloXamarin\HelloXamarin.csproj", "{BDDC0A12-0DB4-4221-92D9-BB84C333799F}"
EndProject
Global
	GlobalSection(SolutionConfigurationPlatforms) = preSolution
		Debug|Any CPU = Debug|Any CPU
		Debug|iPhone = Debug|iPhone
		Debug|iPhoneSimulator = Debug|iPhoneSimulator
		Release|Any CPU = Release|Any CPU
		Release|iPhone = Release|iPhone
		Release|iPhoneSimulator = Release|iPhoneSimulator
	EndGlobalSection
	GlobalSection(ProjectConfigurationPlatforms) = postSolution
		{8708737D-02EB-4C34-B987-571C8DF1098A}.Debug|Any CPU.ActiveCfg = Debug|Any CPU
		{8708737D-02EB-4C34-B987-571C8DF1098A}.Debug|Any CPU.Build.0 = Debug|Any CPU
		{8708737D-02EB-4C34-B987-571C8DF1098A}.Debug|Any CPU.Deploy.0 = Debug|Any CPU
		{8708737D-02EB-4C34-B987-571C8DF1098A}.Debug|iPhone.ActiveCfg = Debug|Any CPU
		{8708737D-02EB-4C34-B987-571C8DF1098A}.Debug|iPhone.Build.0 = Debug|Any CPU
		{8708737D-02EB-4C34-B987-571C8DF1098A}.Debug|iPhone.Deploy.0 = Debug|Any CPU
		{8708737D-02EB-4C34-B987-571C8DF1098A}.Debug|iPhoneSimulator.ActiveCfg = Debug|Any CPU
		{8708737D-02EB-4C34-B987-571C8DF1098A}.Debug|iPhoneSimulator.Build.0 = Debug|Any CPU
		{8708737D-02EB-4C34-B987-571C8DF1098A}.Debug|iPhoneSimulator.Deploy.0 = Debug|Any CPU
		{8708737D-02EB-4C34-B987-571C8DF1098A}.Release|Any CPU.ActiveCfg = Release|Any CPU
		{8708737D-02EB-4C34-B987-571C8DF1098A}.Release|Any CPU.Build.0 = Release|Any CPU
		{8708737D-02EB-4C34-B987-571C8DF1098A}.Release|Any CPU.Deploy.0 = Release|Any CPU
		{8708737D-02EB-4C34-B987-571C8DF1098A}.Release|iPhone.ActiveCfg = Release|Any CPU
		{8708737D-02EB-4C34-B987-571C8DF1098A}.Release|iPhone.Build.0 = Release|Any CPU
		{8708737D-02EB-4C34-B987-571C8DF1098A}.Release|iPhone.Deploy.0 = Release|Any CPU
		{8708737D-02EB-4C34-B987-571C8DF1098A}.Release|iPhoneSimulator.ActiveCfg = Release|Any CPU
		{8708737D-02EB-4C34-B987-571C8DF1098A}.Release|iPhoneSimulator.Build.0 = Release|Any CPU
		{8708737D-02EB-4C34-B987-571C8DF1098A}.Release|iPhoneSimulator.Deploy.0 = Release|Any CPU
		{50CAB753-3CB4-417D-8079-FC771D2AFF18}.Debug|Any CPU.ActiveCfg = Debug|iPhoneSimulator
		{50CAB753-3CB4-417D-8079-FC771D2AFF18}.Debug|Any CPU.Build.0 = Debug|iPhoneSimulator
		{50CAB753-3CB4-417D-8079-FC771D2AFF18}.Debug|Any CPU.Deploy.0 = Debug|iPhoneSimulator
		{50CAB753-3CB4-417D-8079-FC771D2AFF18}.Debug|iPhone.ActiveCfg = Debug|iPhone
		{50CAB753-3CB4-417D-8079-FC771D2AFF18}.Debug|iPhone.Build.0 = Debug|iPhone
		{50CAB753-3CB4-417D-8079-FC771D2AFF18}.Debug|iPhone.Deploy.0 = Debug|iPhone
		{50CAB753-3CB4-417D-8079-FC771D2AFF18}.Debug|iPhoneSimulator.ActiveCfg = Debug|iPhoneSimulator
		{50CAB753-3CB4-417D-8079-FC771D2AFF18}.Debug|iPhoneSimulator.Build.0 = Debug|iPhoneSimulator
		{50CAB753-3CB4-417D-8079-FC771D2AFF18}.Debug|iPhoneSimulator.Deploy.0 = Debug|iPhoneSimulator
		{50CAB753-3CB4-417D-8079-FC771D2AFF18}.Release|Any CPU.ActiveCfg = Release|iPhone
		{50CAB753-3CB4-417D-8079-FC771D2AFF18}.Release|Any CPU.Build.0 = Release|iPhone
		{50CAB753-3CB4-417D-8079-FC771D2AFF18}.Release|Any CPU.Deploy.0 = Release|iPhone
		{50CAB753-3CB4-417D-8079-FC771D2AFF18}.Release|iPhone.ActiveCfg = Release|iPhone
		{50CAB753-3CB4-417D-8079-FC771D2AFF18}.Release|iPhone.Build.0 = Release|iPhone
		{50CAB753-3CB4-417D-8079-FC771D2AFF18}.Release|iPhone.Deploy.0 = Release|iPhone
		{50CAB753-3CB4-417D-8079-FC771D2AFF18}.Release|iPhoneSimulator.ActiveCfg = Release|iPhoneSimulator
		{50CAB753-3CB4-417D-8079-FC771D2AFF18}.Release|iPhoneSimulator.Build.0 = Release|iPhoneSimulator
		{50CAB753-3CB4-417D-8079-FC771D2AFF18}.Release|iPhoneSimulator.Deploy.0 = Release|iPhoneSimulator
		{BDDC0A12-0DB4-4221-92D9-BB84C333799F}.Debug|Any CPU.ActiveCfg = Debug|Any CPU
		{BDDC0A12-0DB4-4221-92D9-BB84C333799F}.Debug|Any CPU.Build.0 = Debug|Any CPU
		{BDDC0A12-0DB4-4221-92D9-BB84C333799F}.Debug|Any CPU.Deploy.0 = Debug|Any CPU
		{BDDC0A12-0DB4-4221-92D9-BB84C333799F}.Debug|iPhone.ActiveCfg = Debug|Any CPU
		{BDDC0A12-0DB4-4221-92D9-BB84C333799F}.Debug|iPhone.Build.0 = Debug|Any CPU
		{BDDC0A12-0DB4-4221-92D9-BB84C333799F}.Debug|iPhone.Deploy.0 = Debug|Any CPU
		{BDDC0A12-0DB4-4221-92D9-BB84C333799F}.Debug|iPhoneSimulator.ActiveCfg = Debug|Any CPU
		{BDDC0A12-0DB4-4221-92D9-BB84C333799F}.Debug|iPhoneSimulator.Build.0 = Debug|Any CPU
		{BDDC0A12-0DB4-4221-92D9-BB84C333799F}.Debug|iPhoneSimulator.Deploy.0 = Debug|Any CPU
		{BDDC0A12-0DB4-4221-92D9-BB84C333799F}.Release|Any CPU.ActiveCfg = Release|Any CPU
		{BDDC0A12-0DB4-4221-92D9-BB84C333799F}.Release|Any CPU.Build.0 = Release|Any CPU
		{BDDC0A12-0DB4-4221-92D9-BB84C333799F}.Release|Any CPU.Deploy.0 = Release|Any CPU
		{BDDC0A12-0DB4-4221-92D9-BB84C333799F}.Release|iPhone.ActiveCfg = Release|Any CPU
		{BDDC0A12-0DB4-4221-92D9-BB84C333799F}.Release|iPhone.Build.0 = Release|Any CPU
		{BDDC0A12-0DB4-4221-92D9-BB84C333799F}.Release|iPhone.Deploy.0 = Release|Any CPU
		{BDDC0A12-0DB4-4221-92D9-BB84C333799F}.Release|iPhoneSimulator.ActiveCfg = Release|Any CPU
		{BDDC0A12-0DB4-4221-92D9-BB84C333799F}.Release|iPhoneSimulator.Build.0 = Release|Any CPU
		{BDDC0A12-0DB4-4221-92D9-BB84C333799F}.Release|iPhoneSimulator.Deploy.0 = Release|Any CPU
	EndGlobalSection
	GlobalSection(SolutionProperties) = preSolution
		HideSolutionNode = FALSE
	EndGlobalSection
	GlobalSection(ExtensibilityGlobals) = postSolution
		SolutionGuid = {FF43A514-71D5-4718-B527-A30455D54CA6}
	EndGlobalSection
EndGlobal
